
Microsoft Visual Studio Solution File, Format Version 12.00
# Visual Studio 2013
VisualStudioVersion = 12.0.40629.0
MinimumVisualStudioVersion = 10.0.40219.1
Project("{FAE04EC0-301F-11D3-BF4B-00C04F79EFBC}") = "ReportWeb", "ReportWeb.csproj", "{277A39D3-2320-41DC-AC27-299A551FEF14}"
EndProject
Project("{E24C65DC-7377-472B-9ABA-BC803B73C61A}") = "Report Framework", "http://localhost:50874", "{C0F9C3A6-FEEE-4C0C-AC26-8ADBD2C31E3F}"
	ProjectSection(WebsiteProperties) = preProject
		UseIISExpress = "true"
		TargetFrameworkMoniker = ".NETFramework,Version%3Dv4.0"
		Debug.AspNetCompiler.VirtualPath = "/localhost_50874"
		Debug.AspNetCompiler.PhysicalPath = "..\Report Framework\"
		Debug.AspNetCompiler.TargetPath = "PrecompiledWeb\localhost_50874\"
		Debug.AspNetCompiler.Updateable = "true"
		Debug.AspNetCompiler.ForceOverwrite = "true"
		Debug.AspNetCompiler.FixedNames = "false"
		Debug.AspNetCompiler.Debug = "True"
		Release.AspNetCompiler.VirtualPath = "/localhost_50874"
		Release.AspNetCompiler.PhysicalPath = "..\Report Framework\"
		Release.AspNetCompiler.TargetPath = "PrecompiledWeb\localhost_50874\"
		Release.AspNetCompiler.Updateable = "true"
		Release.AspNetCompiler.ForceOverwrite = "true"
		Release.AspNetCompiler.FixedNames = "false"
		Release.AspNetCompiler.Debug = "False"
		SlnRelativePath = "..\Report Framework\"
	EndProjectSection
EndProject
Global
	GlobalSection(SolutionConfigurationPlatforms) = preSolution
		Debug|Any CPU = Debug|Any CPU
		Release|Any CPU = Release|Any CPU
	EndGlobalSection
	GlobalSection(ProjectConfigurationPlatforms) = postSolution
		{277A39D3-2320-41DC-AC27-299A551FEF14}.Debug|Any CPU.ActiveCfg = Debug|Any CPU
		{277A39D3-2320-41DC-AC27-299A551FEF14}.Debug|Any CPU.Build.0 = Debug|Any CPU
		{277A39D3-2320-41DC-AC27-299A551FEF14}.Release|Any CPU.ActiveCfg = Release|Any CPU
		{277A39D3-2320-41DC-AC27-299A551FEF14}.Release|Any CPU.Build.0 = Release|Any CPU
		{C0F9C3A6-FEEE-4C0C-AC26-8ADBD2C31E3F}.Debug|Any CPU.ActiveCfg = Debug|Any CPU
		{C0F9C3A6-FEEE-4C0C-AC26-8ADBD2C31E3F}.Debug|Any CPU.Build.0 = Debug|Any CPU
		{C0F9C3A6-FEEE-4C0C-AC26-8ADBD2C31E3F}.Release|Any CPU.ActiveCfg = Debug|Any CPU
		{C0F9C3A6-FEEE-4C0C-AC26-8ADBD2C31E3F}.Release|Any CPU.Build.0 = Debug|Any CPU
	EndGlobalSection
	GlobalSection(SolutionProperties) = preSolution
		HideSolutionNode = FALSE
	EndGlobalSection
EndGlobal
